{
  "name": "cls",
  "version": "1.6.2",
  "lockfileVersion": 3,
  "requires": true,
  "packages": {
    "": {
      "name": "cls",
      "version": "1.6.2",
      "license": "ISC",
      "dependencies": {
        "optiscroll": "^3.2.1"
      }
    },
    "node_modules/optiscroll": {
      "version": "3.2.1",
      "resolved": "https://registry.npmjs.org/optiscroll/-/optiscroll-3.2.1.tgz",
      "integrity": "sha512-hNJ0bNGK/gjhwAPCCRnI7Nih17uj6HvbBqIzHvy+5Bum/y6xMM94WO30sSUTGWMzOVvodqpkgHwBu58XUyf9Tw=="
    }
  }
}
